
Microsoft Visual Studio Solution File, Format Version 12.00
# Visual Studio Version 16
VisualStudioVersion = 16.0.31321.278
MinimumVisualStudioVersion = 10.0.40219.1
Project("{9A19103F-16F7-4668-BE54-9A1E7A4F7556}") = "P0DbAndTests", "P0DbAndTests.csproj", "{CACF4BF2-4C27-4BD4-A2C5-DCA3AE3516DF}"
EndProject
Project("{FAE04EC0-301F-11D3-BF4B-00C04F79EFBC}") = "P0DbContext", "..\P0DbContext\P0DbContext.csproj", "{8FEA0E2C-E81C-45F0-B612-604FC99AE245}"
EndProject
Project("{FAE04EC0-301F-11D3-BF4B-00C04F79EFBC}") = "P0Tests", "..\P0Tests\P0Tests.csproj", "{700A1400-AD83-4196-8B37-D371579F1727}"
EndProject
Global
	GlobalSection(SolutionConfigurationPlatforms) = preSolution
		Debug|Any CPU = Debug|Any CPU
		Release|Any CPU = Release|Any CPU
	EndGlobalSection
	GlobalSection(ProjectConfigurationPlatforms) = postSolution
		{CACF4BF2-4C27-4BD4-A2C5-DCA3AE3516DF}.Debug|Any CPU.ActiveCfg = Debug|Any CPU
		{CACF4BF2-4C27-4BD4-A2C5-DCA3AE3516DF}.Debug|Any CPU.Build.0 = Debug|Any CPU
		{CACF4BF2-4C27-4BD4-A2C5-DCA3AE3516DF}.Release|Any CPU.ActiveCfg = Release|Any CPU
		{CACF4BF2-4C27-4BD4-A2C5-DCA3AE3516DF}.Release|Any CPU.Build.0 = Release|Any CPU
		{8FEA0E2C-E81C-45F0-B612-604FC99AE245}.Debug|Any CPU.ActiveCfg = Debug|Any CPU
		{8FEA0E2C-E81C-45F0-B612-604FC99AE245}.Debug|Any CPU.Build.0 = Debug|Any CPU
		{8FEA0E2C-E81C-45F0-B612-604FC99AE245}.Release|Any CPU.ActiveCfg = Release|Any CPU
		{8FEA0E2C-E81C-45F0-B612-604FC99AE245}.Release|Any CPU.Build.0 = Release|Any CPU
		{700A1400-AD83-4196-8B37-D371579F1727}.Debug|Any CPU.ActiveCfg = Debug|Any CPU
		{700A1400-AD83-4196-8B37-D371579F1727}.Debug|Any CPU.Build.0 = Debug|Any CPU
		{700A1400-AD83-4196-8B37-D371579F1727}.Release|Any CPU.ActiveCfg = Release|Any CPU
		{700A1400-AD83-4196-8B37-D371579F1727}.Release|Any CPU.Build.0 = Release|Any CPU
	EndGlobalSection
	GlobalSection(SolutionProperties) = preSolution
		HideSolutionNode = FALSE
	EndGlobalSection
	GlobalSection(ExtensibilityGlobals) = postSolution
		SolutionGuid = {DA6337EC-6F60-40CC-9672-A672A9823854}
	EndGlobalSection
EndGlobal
